// !$*UTF8*$!
{
	archiveVersion = 1;
	classes = {
	};
	objectVersion = 55;
	objects = {

/* Begin PBXBuildFile section */
		095BC87827E79DA2008A29C9 /* WarGameApp.swift in Sources */ = {isa = PBXBuildFile; fileRef = 095BC87727E79DA2008A29C9 /* WarGameApp.swift */; };
		095BC87A27E79DA2008A29C9 /* ContentView.swift in Sources */ = {isa = PBXBuildFile; fileRef = 095BC87927E79DA2008A29C9 /* ContentView.swift */; };
		095BC87C27E79DA5008A29C9 /* Assets.xcassets in Resources */ = {isa = PBXBuildFile; fileRef = 095BC87B27E79DA5008A29C9 /* Assets.xcassets */; };
		095BC87F27E79DA5008A29C9 /* Preview Assets.xcassets in Resources */ = {isa = PBXBuildFile; fileRef = 095BC87E27E79DA5008A29C9 /* Preview Assets.xcassets */; };
		095BC88927E79DA5008A29C9 /* WarGameTests.swift in Sources */ = {isa = PBXBuildFile; fileRef = 095BC88827E79DA5008A29C9 /* WarGameTests.swift */; };
		095BC89327E79DA5008A29C9 /* WarGameUITests.swift in Sources */ = {isa = PBXBuildFile; fileRef = 095BC89227E79DA5008A29C9 /* WarGameUITests.swift */; };
		095BC89527E79DA5008A29C9 /* WarGameUITestsLaunchTests.swift in Sources */ = {isa = PBXBuildFile; fileRef = 095BC89427E79DA5008A29C9 /* WarGameUITestsLaunchTests.swift */; };
/* End PBXBuildFile section */

/* Begin PBXContainerItemProxy section */
		095BC88527E79DA5008A29C9 /* PBXContainerItemProxy */ = {
			isa = PBXContainerItemProxy;
			containerPortal = 095BC86C27E79DA2008A29C9 /* Project object */;
			proxyType = 1;
			remoteGlobalIDString = 095BC87327E79DA2008A29C9;
			remoteInfo = WarGame;
		};
		095BC88F27E79DA5008A29C9 /* PBXContainerItemProxy */ = {
			isa = PBXContainerItemProxy;
			containerPortal = 095BC86C27E79DA2008A29C9 /* Project object */;
			proxyType = 1;
			remoteGlobalIDString = 095BC87327E79DA2008A29C9;
			remoteInfo = WarGame;
		};
/* End PBXContainerItemProxy section */

/* Begin PBXFileReference section */
		095BC87427E79DA2008A29C9 /* WarGame.app */ = {isa = PBXFileReference; explicitFileType = wrapper.application; includeInIndex = 0; path = WarGame.app; sourceTree = BUILT_PRODUCTS_DIR; };
		095BC87727E79DA2008A29C9 /* WarGameApp.swift */ = {isa = PBXFileReference; lastKnownFileType = sourcecode.swift; path = WarGameApp.swift; sourceTree = "<group>"; };
		095BC87927E79DA2008A29C9 /* ContentView.swift */ = {isa = PBXFileReference; lastKnownFileType = sourcecode.swift; path = ContentView.swift; sourceTree = "<group>"; };
		095BC87B27E79DA5008A29C9 /* Assets.xcassets */ = {isa = PBXFileReference; lastKnownFileType = folder.assetcatalog; path = Assets.xcassets; sourceTree = "<group>"; };
		095BC87E27E79DA5008A29C9 /* Preview Assets.xcassets */ = {isa = PBXFileReference; lastKnownFileType = folder.assetcatalog; path = "Preview Assets.xcassets"; sourceTree = "<group>"; };
		095BC88427E79DA5008A29C9 /* WarGameTests.xctest */ = {isa = PBXFileReference; explicitFileType = wrapper.cfbundle; includeInIndex = 0; path = WarGameTests.xctest; sourceTree = BUILT_PRODUCTS_DIR; };
		095BC88827E79DA5008A29C9 /* WarGameTests.swift */ = {isa = PBXFileReference; lastKnownFileType = sourcecode.swift; path = WarGameTests.swift; sourceTree = "<group>"; };
		095BC88E27E79DA5008A29C9 /* WarGameUITests.xctest */ = {isa = PBXFileReference; explicitFileType = wrapper.cfbundle; includeInIndex = 0; path = WarGameUITests.xctest; sourceTree = BUILT_PRODUCTS_DIR; };
		095BC89227E79DA5008A29C9 /* WarGameUITests.swift */ = {isa = PBXFileReference; lastKnownFileType = sourcecode.swift; path = WarGameUITests.swift; sourceTree = "<group>"; };
		095BC89427E79DA5008A29C9 /* WarGameUITestsLaunchTests.swift */ = {isa = PBXFileReference; lastKnownFileType = sourcecode.swift; path = WarGameUITestsLaunchTests.swift; sourceTree = "<group>"; };
/* End PBXFileReference section */

/* Begin PBXFrameworksBuildPhase section */
		095BC87127E79DA2008A29C9 /* Frameworks */ = {
			isa = PBXFrameworksBuildPhase;
			buildActionMask = 2147483647;
			files = (
			);
			runOnlyForDeploymentPostprocessing = 0;
		};
		095BC88127E79DA5008A29C9 /* Frameworks */ = {
			isa = PBXFrameworksBuildPhase;
			buildActionMask = 2147483647;
			files = (
			);
			runOnlyForDeploymentPostprocessing = 0;
		};
		095BC88B27E79DA5008A29C9 /* Frameworks */ = {
			isa = PBXFrameworksBuildPhase;
			buildActionMask = 2147483647;
			files = (
			);
			runOnlyForDeploymentPostprocessing = 0;
		};
/* End PBXFrameworksBuildPhase section */

/* Begin PBXGroup section */
		095BC86B27E79DA2008A29C9 = {
			isa = PBXGroup;
			children = (
				095BC87627E79DA2008A29C9 /* WarGame */,
				095BC88727E79DA5008A29C9 /* WarGameTests */,
				095BC89127E79DA5008A29C9 /* WarGameUITests */,
				095BC87527E79DA2008A29C9 /* Products */,
			);
			sourceTree = "<group>";
		};
		095BC87527E79DA2008A29C9 /* Products */ = {
			isa = PBXGroup;
			children = (
				095BC87427E79DA2008A29C9 /* WarGame.app */,
				095BC88427E79DA5008A29C9 /* WarGameTests.xctest */,
				095BC88E27E79DA5008A29C9 /* WarGameUITests.xctest */,
			);
			name = Products;
			sourceTree = "<group>";
		};
		095BC87627E79DA2008A29C9 /* WarGame */ = {
			isa = PBXGroup;
			children = (
				095BC87727E79DA2008A29C9 /* WarGameApp.swift */,
				095BC87927E79DA2008A29C9 /* ContentView.swift */,
				095BC87B27E79DA5008A29C9 /* Assets.xcassets */,
				095BC87D27E79DA5008A29C9 /* Preview Content */,
			);
			path = WarGame;
			sourceTree = "<group>";
		};
		095BC87D27E79DA5008A29C9 /* Preview Content */ = {
			isa = PBXGroup;
			children = (
				095BC87E27E79DA5008A29C9 /* Preview Assets.xcassets */,
			);
			path = "Preview Content";
			sourceTree = "<group>";
		};
		095BC88727E79DA5008A29C9 /* WarGameTests */ = {
			isa = PBXGroup;
			children = (
				095BC88827E79DA5008A29C9 /* WarGameTests.swift */,
			);
			path = WarGameTests;
			sourceTree = "<group>";
		};
		095BC89127E79DA5008A29C9 /* WarGameUITests */ = {
			isa = PBXGroup;
			children = (
				095BC89227E79DA5008A29C9 /* WarGameUITests.swift */,
				095BC89427E79DA5008A29C9 /* WarGameUITestsLaunchTests.swift */,
			);
			path = WarGameUITests;
			sourceTree = "<group>";
		};
/* End PBXGroup section */

/* Begin PBXNativeTarget section */
		095BC87327E79DA2008A29C9 /* WarGame */ = {
			isa = PBXNativeTarget;
			buildConfigurationList = 095BC89827E79DA5008A29C9 /* Build configuration list for PBXNativeTarget "WarGame" */;
			buildPhases = (
				095BC87027E79DA2008A29C9 /* Sources */,
				095BC87127E79DA2008A29C9 /* Frameworks */,
				095BC87227E79DA2008A29C9 /* Resources */,
			);
			buildRules = (
			);
			dependencies = (
			);
			name = WarGame;
			productName = WarGame;
			productReference = 095BC87427E79DA2008A29C9 /* WarGame.app */;
			productType = "com.apple.product-type.application";
		};
		095BC88327E79DA5008A29C9 /* WarGameTests */ = {
			isa = PBXNativeTarget;
			buildConfigurationList = 095BC89B27E79DA5008A29C9 /* Build configuration list for PBXNativeTarget "WarGameTests" */;
			buildPhases = (
				095BC88027E79DA5008A29C9 /* Sources */,
				095BC88127E79DA5008A29C9 /* Frameworks */,
				095BC88227E79DA5008A29C9 /* Resources */,
			);
			buildRules = (
			);
			dependencies = (
				095BC88627E79DA5008A29C9 /* PBXTargetDependency */,
			);
			name = WarGameTests;
			productName = WarGameTests;
			productReference = 095BC88427E79DA5008A29C9 /* WarGameTests.xctest */;
			productType = "com.apple.product-type.bundle.unit-test";
		};
		095BC88D27E79DA5008A29C9 /* WarGameUITests */ = {
			isa = PBXNativeTarget;
			buildConfigurationList = 095BC89E27E79DA5008A29C9 /* Build configuration list for PBXNativeTarget "WarGameUITests" */;
			buildPhases = (
				095BC88A27E79DA5008A29C9 /* Sources */,
				095BC88B27E79DA5008A29C9 /* Frameworks */,
				095BC88C27E79DA5008A29C9 /* Resources */,
			);
			buildRules = (
			);
			dependencies = (
				095BC89027E79DA5008A29C9 /* PBXTargetDependency */,
			);
			name = WarGameUITests;
			productName = WarGameUITests;
			productReference = 095BC88E27E79DA5008A29C9 /* WarGameUITests.xctest */;
			productType = "com.apple.product-type.bundle.ui-testing";
		};
/* End PBXNativeTarget section */

/* Begin PBXProject section */
		095BC86C27E79DA2008A29C9 /* Project object */ = {
			isa = PBXProject;
			attributes = {
				BuildIndependentTargetsInParallel = 1;
				LastSwiftUpdateCheck = 1330;
				LastUpgradeCheck = 1330;
				TargetAttributes = {
					095BC87327E79DA2008A29C9 = {
						CreatedOnToolsVersion = 13.3;
					};
					095BC88327E79DA5008A29C9 = {
						CreatedOnToolsVersion = 13.3;
						TestTargetID = 095BC87327E79DA2008A29C9;
					};
					095BC88D27E79DA5008A29C9 = {
						CreatedOnToolsVersion = 13.3;
						TestTargetID = 095BC87327E79DA2008A29C9;
					};
				};
			};
			buildConfigurationList = 095BC86F27E79DA2008A29C9 /* Build configuration list for PBXProject "WarGame" */;
			compatibilityVersion = "Xcode 13.0";
			developmentRegion = en;
			hasScannedForEncodings = 0;
			knownRegions = (
				en,
				Base,
			);
			mainGroup = 095BC86B27E79DA2008A29C9;
			productRefGroup = 095BC87527E79DA2008A29C9 /* Products */;
			projectDirPath = "";
			projectRoot = "";
			targets = (
				095BC87327E79DA2008A29C9 /* WarGame */,
				095BC88327E79DA5008A29C9 /* WarGameTests */,
				095BC88D27E79DA5008A29C9 /* WarGameUITests */,
			);
		};
/* End PBXProject section */

/* Begin PBXResourcesBuildPhase section */
		095BC87227E79DA2008A29C9 /* Resources */ = {
			isa = PBXResourcesBuildPhase;
			buildActionMask = 2147483647;
			files = (
				095BC87F27E79DA5008A29C9 /* Preview Assets.xcassets in Resources */,
				095BC87C27E79DA5008A29C9 /* Assets.xcassets in Resources */,
			);
			runOnlyForDeploymentPostprocessing = 0;
		};
		095BC88227E79DA5008A29C9 /* Resources */ = {
			isa = PBXResourcesBuildPhase;
			buildActionMask = 2147483647;
			files = (
			);
			runOnlyForDeploymentPostprocessing = 0;
		};
		095BC88C27E79DA5008A29C9 /* Resources */ = {
			isa = PBXResourcesBuildPhase;
			buildActionMask = 2147483647;
			files = (
			);
			runOnlyForDeploymentPostprocessing = 0;
		};
/* End PBXResourcesBuildPhase section */

/* Begin PBXSourcesBuildPhase section */
		095BC87027E79DA2008A29C9 /* Sources */ = {
			isa = PBXSourcesBuildPhase;
			buildActionMask = 2147483647;
			files = (
				095BC87A27E79DA2008A29C9 /* ContentView.swift in Sources */,
				095BC87827E79DA2008A29C9 /* WarGameApp.swift in Sources */,
			);
			runOnlyForDeploymentPostprocessing = 0;
		};
		095BC88027E79DA5008A29C9 /* Sources */ = {
			isa = PBXSourcesBuildPhase;
			buildActionMask = 2147483647;
			files = (
				095BC88927E79DA5008A29C9 /* WarGameTests.swift in Sources */,
			);
			runOnlyForDeploymentPostprocessing = 0;
		};
		095BC88A27E79DA5008A29C9 /* Sources */ = {
			isa = PBXSourcesBuildPhase;
			buildActionMask = 2147483647;
			files = (
				095BC89327E79DA5008A29C9 /* WarGameUITests.swift in Sources */,
				095BC89527E79DA5008A29C9 /* WarGameUITestsLaunchTests.swift in Sources */,
			);
			runOnlyForDeploymentPostprocessing = 0;
		};
/* End PBXSourcesBuildPhase section */

/* Begin PBXTargetDependency section */
		095BC88627E79DA5008A29C9 /* PBXTargetDependency */ = {
			isa = PBXTargetDependency;
			target = 095BC87327E79DA2008A29C9 /* WarGame */;
			targetProxy = 095BC88527E79DA5008A29C9 /* PBXContainerItemProxy */;
		};
		095BC89027E79DA5008A29C9 /* PBXTargetDependency */ = {
			isa = PBXTargetDependency;
			target = 095BC87327E79DA2008A29C9 /* WarGame */;
			targetProxy = 095BC88F27E79DA5008A29C9 /* PBXContainerItemProxy */;
		};
/* End PBXTargetDependency section */

/* Begin XCBuildConfiguration section */
		095BC89627E79DA5008A29C9 /* Debug */ = {
			isa = XCBuildConfiguration;
			buildSettings = {
				ALWAYS_SEARCH_USER_PATHS = NO;
				CLANG_ANALYZER_NONNULL = YES;
				CLANG_ANALYZER_NUMBER_OBJECT_CONVERSION = YES_AGGRESSIVE;
				CLANG_CXX_LANGUAGE_STANDARD = "gnu++17";
				CLANG_ENABLE_MODULES = YES;
				CLANG_ENABLE_OBJC_ARC = YES;
				CLANG_ENABLE_OBJC_WEAK = YES;
				CLANG_WARN_BLOCK_CAPTURE_AUTORELEASING = YES;
				CLANG_WARN_BOOL_CONVERSION = YES;
				CLANG_WARN_COMMA = YES;
				CLANG_WARN_CONSTANT_CONVERSION = YES;
				CLANG_WARN_DEPRECATED_OBJC_IMPLEMENTATIONS = YES;
				CLANG_WARN_DIRECT_OBJC_ISA_USAGE = YES_ERROR;
				CLANG_WARN_DOCUMENTATION_COMMENTS = YES;
				CLANG_WARN_EMPTY_BODY = YES;
				CLANG_WARN_ENUM_CONVERSION = YES;
				CLANG_WARN_INFINITE_RECURSION = YES;
				CLANG_WARN_INT_CONVERSION = YES;
				CLANG_WARN_NON_LITERAL_NULL_CONVERSION = YES;
				CLANG_WARN_OBJC_IMPLICIT_RETAIN_SELF = YES;
				CLANG_WARN_OBJC_LITERAL_CONVERSION = YES;
				CLANG_WARN_OBJC_ROOT_CLASS = YES_ERROR;
				CLANG_WARN_QUOTED_INCLUDE_IN_FRAMEWORK_HEADER = YES;
				CLANG_WARN_RANGE_LOOP_ANALYSIS = YES;
				CLANG_WARN_STRICT_PROTOTYPES = YES;
				CLANG_WARN_SUSPICIOUS_MOVE = YES;
				CLANG_WARN_UNGUARDED_AVAILABILITY = YES_AGGRESSIVE;
				CLANG_WARN_UNREACHABLE_CODE = YES;
				CLANG_WARN__DUPLICATE_METHOD_MATCH = YES;
				COPY_PHASE_STRIP = NO;
				DEBUG_INFORMATION_FORMAT = dwarf;
				ENABLE_STRICT_OBJC_MSGSEND = YES;
				ENABLE_TESTABILITY = YES;
				GCC_C_LANGUAGE_STANDARD = gnu11;
				GCC_DYNAMIC_NO_PIC = NO;
				GCC_NO_COMMON_BLOCKS = YES;
				GCC_OPTIMIZATION_LEVEL = 0;
				GCC_PREPROCESSOR_DEFINITIONS = (
					"DEBUG=1",
					"$(inherited)",
				);
				GCC_WARN_64_TO_32_BIT_CONVERSION = YES;
				GCC_WARN_ABOUT_RETURN_TYPE = YES_ERROR;
				GCC_WARN_UNDECLARED_SELECTOR = YES;
				GCC_WARN_UNINITIALIZED_AUTOS = YES_AGGRESSIVE;
				GCC_WARN_UNUSED_FUNCTION = YES;
				GCC_WARN_UNUSED_VARIABLE = YES;
				IPHONEOS_DEPLOYMENT_TARGET = 15.4;
				MTL_ENABLE_DEBUG_INFO = INCLUDE_SOURCE;
				MTL_FAST_MATH = YES;
				ONLY_ACTIVE_ARCH = YES;
				SDKROOT = iphoneos;
				SWIFT_ACTIVE_COMPILATION_CONDITIONS = DEBUG;
				SWIFT_OPTIMIZATION_LEVEL = "-Onone";
			};
			name = Debug;
		};
		095BC89727E79DA5008A29C9 /* Release */ = {
			isa = XCBuildConfiguration;
			buildSettings = {
				ALWAYS_SEARCH_USER_PATHS = NO;
				CLANG_ANALYZER_NONNULL = YES;
				CLANG_ANALYZER_NUMBER_OBJECT_CONVERSION = YES_AGGRESSIVE;
				CLANG_CXX_LANGUAGE_STANDARD = "gnu++17";
				CLANG_ENABLE_MODULES = YES;
				CLANG_ENABLE_OBJC_ARC = YES;
				CLANG_ENABLE_OBJC_WEAK = YES;
				CLANG_WARN_BLOCK_CAPTURE_AUTORELEASING = YES;
				CLANG_WARN_BOOL_CONVERSION = YES;
				CLANG_WARN_COMMA = YES;
				CLANG_WARN_CONSTANT_CONVERSION = YES;
				CLANG_WARN_DEPRECATED_OBJC_IMPLEMENTATIONS = YES;
				CLANG_WARN_DIRECT_OBJC_ISA_USAGE = YES_ERROR;
				CLANG_WARN_DOCUMENTATION_COMMENTS = YES;
				CLANG_WARN_EMPTY_BODY = YES;
				CLANG_WARN_ENUM_CONVERSION = YES;
				CLANG_WARN_INFINITE_RECURSION = YES;
				CLANG_WARN_INT_CONVERSION = YES;
				CLANG_WARN_NON_LITERAL_NULL_CONVERSION = YES;
				CLANG_WARN_OBJC_IMPLICIT_RETAIN_SELF = YES;
				CLANG_WARN_OBJC_LITERAL_CONVERSION = YES;
				CLANG_WARN_OBJC_ROOT_CLASS = YES_ERROR;
				CLANG_WARN_QUOTED_INCLUDE_IN_FRAMEWORK_HEADER = YES;
				CLANG_WARN_RANGE_LOOP_ANALYSIS = YES;
				CLANG_WARN_STRICT_PROTOTYPES = YES;
				CLANG_WARN_SUSPICIOUS_MOVE = YES;
				CLANG_WARN_UNGUARDED_AVAILABILITY = YES_AGGRESSIVE;
				CLANG_WARN_UNREACHABLE_CODE = YES;
				CLANG_WARN__DUPLICATE_METHOD_MATCH = YES;
				COPY_PHASE_STRIP = NO;
				DEBUG_INFORMATION_FORMAT = "dwarf-with-dsym";
				ENABLE_NS_ASSERTIONS = NO;
				ENABLE_STRICT_OBJC_MSGSEND = YES;
				GCC_C_LANGUAGE_STANDARD = gnu11;
				GCC_NO_COMMON_BLOCKS = YES;
				GCC_WARN_64_TO_32_BIT_CONVERSION = YES;
				GCC_WARN_ABOUT_RETURN_TYPE = YES_ERROR;
				GCC_WARN_UNDECLARED_SELECTOR = YES;
				GCC_WARN_UNINITIALIZED_AUTOS = YES_AGGRESSIVE;
				GCC_WARN_UNUSED_FUNCTION = YES;
				GCC_WARN_UNUSED_VARIABLE = YES;
				IPHONEOS_DEPLOYMENT_TARGET = 15.4;
				MTL_ENABLE_DEBUG_INFO = NO;
				MTL_FAST_MATH = YES;
				SDKROOT = iphoneos;
				SWIFT_COMPILATION_MODE = wholemodule;
				SWIFT_OPTIMIZATION_LEVEL = "-O";
				VALIDATE_PRODUCT = YES;
			};
			name = Release;
		};
		095BC89927E79DA5008A29C9 /* Debug */ = {
			isa = XCBuildConfiguration;
			buildSettings = {
				ASSETCATALOG_COMPILER_APPICON_NAME = AppIcon;
				ASSETCATALOG_COMPILER_GLOBAL_ACCENT_COLOR_NAME = AccentColor;
				CODE_SIGN_STYLE = Automatic;
				CURRENT_PROJECT_VERSION = 1;
				DEVELOPMENT_ASSET_PATHS = "\"WarGame/Preview Content\"";
				DEVELOPMENT_TEAM = 953L4WCQ6C;
				ENABLE_PREVIEWS = YES;
				GENERATE_INFOPLIST_FILE = YES;
				INFOPLIST_KEY_UIApplicationSceneManifest_Generation = YES;
				INFOPLIST_KEY_UIApplicationSupportsIndirectInputEvents = YES;
				INFOPLIST_KEY_UILaunchScreen_Generation = YES;
				INFOPLIST_KEY_UISupportedInterfaceOrientations_iPad = "UIInterfaceOrientationPortrait UIInterfaceOrientationPortraitUpsideDown UIInterfaceOrientationLandscapeLeft UIInterfaceOrientationLandscapeRight";
				INFOPLIST_KEY_UISupportedInterfaceOrientations_iPhone = "UIInterfaceOrientationPortrait UIInterfaceOrientationLandscapeLeft UIInterfaceOrientationLandscapeRight";
				LD_RUNPATH_SEARCH_PATHS = (
					"$(inherited)",
					"@executable_path/Frameworks",
				);
				MARKETING_VERSION = 1.0;
				PRODUCT_BUNDLE_IDENTIFIER = pl.olivier.WarGame;
				PRODUCT_NAME = "$(TARGET_NAME)";
				SWIFT_EMIT_LOC_STRINGS = YES;
				SWIFT_VERSION = 5.0;
				TARGETED_DEVICE_FAMILY = "1,2";
			};
			name = Debug;
		};
		095BC89A27E79DA5008A29C9 /* Release */ = {
			isa = XCBuildConfiguration;
			buildSettings = {
				ASSETCATALOG_COMPILER_APPICON_NAME = AppIcon;
				ASSETCATALOG_COMPILER_GLOBAL_ACCENT_COLOR_NAME = AccentColor;
				CODE_SIGN_STYLE = Automatic;
				CURRENT_PROJECT_VERSION = 1;
				DEVELOPMENT_ASSET_PATHS = "\"WarGame/Preview Content\"";
				DEVELOPMENT_TEAM = 953L4WCQ6C;
				ENABLE_PREVIEWS = YES;
				GENERATE_INFOPLIST_FILE = YES;
				INFOPLIST_KEY_UIApplicationSceneManifest_Generation = YES;
				INFOPLIST_KEY_UIApplicationSupportsIndirectInputEvents = YES;
				INFOPLIST_KEY_UILaunchScreen_Generation = YES;
				INFOPLIST_KEY_UISupportedInterfaceOrientations_iPad = "UIInterfaceOrientationPortrait UIInterfaceOrientationPortraitUpsideDown UIInterfaceOrientationLandscapeLeft UIInterfaceOrientationLandscapeRight";
				INFOPLIST_KEY_UISupportedInterfaceOrientations_iPhone = "UIInterfaceOrientationPortrait UIInterfaceOrientationLandscapeLeft UIInterfaceOrientationLandscapeRight";
				LD_RUNPATH_SEARCH_PATHS = (
					"$(inherited)",
					"@executable_path/Frameworks",
				);
				MARKETING_VERSION = 1.0;
				PRODUCT_BUNDLE_IDENTIFIER = pl.olivier.WarGame;
				PRODUCT_NAME = "$(TARGET_NAME)";
				SWIFT_EMIT_LOC_STRINGS = YES;
				SWIFT_VERSION = 5.0;
				TARGETED_DEVICE_FAMILY = "1,2";
			};
			name = Release;
		};
		095BC89C27E79DA5008A29C9 /* Debug */ = {
			isa = XCBuildConfiguration;
			buildSettings = {
				ALWAYS_EMBED_SWIFT_STANDARD_LIBRARIES = YES;
				BUNDLE_LOADER = "$(TEST_HOST)";
				CODE_SIGN_STYLE = Automatic;
				CURRENT_PROJECT_VERSION = 1;
				DEVELOPMENT_TEAM = 953L4WCQ6C;
				GENERATE_INFOPLIST_FILE = YES;
				IPHONEOS_DEPLOYMENT_TARGET = 15.4;
				MARKETING_VERSION = 1.0;
				PRODUCT_BUNDLE_IDENTIFIER = pl.olivier.WarGameTests;
				PRODUCT_NAME = "$(TARGET_NAME)";
				SWIFT_EMIT_LOC_STRINGS = NO;
				SWIFT_VERSION = 5.0;
				TARGETED_DEVICE_FAMILY = "1,2";
				TEST_HOST = "$(BUILT_PRODUCTS_DIR)/WarGame.app/WarGame";
			};
			name = Debug;
		};
		095BC89D27E79DA5008A29C9 /* Release */ = {
			isa = XCBuildConfiguration;
			buildSettings = {
				ALWAYS_EMBED_SWIFT_STANDARD_LIBRARIES = YES;
				BUNDLE_LOADER = "$(TEST_HOST)";
				CODE_SIGN_STYLE = Automatic;
				CURRENT_PROJECT_VERSION = 1;
				DEVELOPMENT_TEAM = 953L4WCQ6C;
				GENERATE_INFOPLIST_FILE = YES;
				IPHONEOS_DEPLOYMENT_TARGET = 15.4;
				MARKETING_VERSION = 1.0;
				PRODUCT_BUNDLE_IDENTIFIER = pl.olivier.WarGameTests;
				PRODUCT_NAME = "$(TARGET_NAME)";
				SWIFT_EMIT_LOC_STRINGS = NO;
				SWIFT_VERSION = 5.0;
				TARGETED_DEVICE_FAMILY = "1,2";
				TEST_HOST = "$(BUILT_PRODUCTS_DIR)/WarGame.app/WarGame";
			};
			name = Release;
		};
		095BC89F27E79DA5008A29C9 /* Debug */ = {
			isa = XCBuildConfiguration;
			buildSettings = {
				ALWAYS_EMBED_SWIFT_STANDARD_LIBRARIES = YES;
				CODE_SIGN_STYLE = Automatic;
				CURRENT_PROJECT_VERSION = 1;
				DEVELOPMENT_TEAM = 953L4WCQ6C;
				GENERATE_INFOPLIST_FILE = YES;
				MARKETING_VERSION = 1.0;
				PRODUCT_BUNDLE_IDENTIFIER = pl.olivier.WarGameUITests;
				PRODUCT_NAME = "$(TARGET_NAME)";
				SWIFT_EMIT_LOC_STRINGS = NO;
				SWIFT_VERSION = 5.0;
				TARGETED_DEVICE_FAMILY = "1,2";
				TEST_TARGET_NAME = WarGame;
			};
			name = Debug;
		};
		095BC8A027E79DA5008A29C9 /* Release */ = {
			isa = XCBuildConfiguration;
			buildSettings = {
				ALWAYS_EMBED_SWIFT_STANDARD_LIBRARIES = YES;
				CODE_SIGN_STYLE = Automatic;
				CURRENT_PROJECT_VERSION = 1;
				DEVELOPMENT_TEAM = 953L4WCQ6C;
				GENERATE_INFOPLIST_FILE = YES;
				MARKETING_VERSION = 1.0;
				PRODUCT_BUNDLE_IDENTIFIER = pl.olivier.WarGameUITests;
				PRODUCT_NAME = "$(TARGET_NAME)";
				SWIFT_EMIT_LOC_STRINGS = NO;
				SWIFT_VERSION = 5.0;
				TARGETED_DEVICE_FAMILY = "1,2";
				TEST_TARGET_NAME = WarGame;
			};
			name = Release;
		};
/* End XCBuildConfiguration section */

/* Begin XCConfigurationList section */
		095BC86F27E79DA2008A29C9 /* Build configuration list for PBXProject "WarGame" */ = {
			isa = XCConfigurationList;
			buildConfigurations = (
				095BC89627E79DA5008A29C9 /* Debug */,
				095BC89727E79DA5008A29C9 /* Release */,
			);
			defaultConfigurationIsVisible = 0;
			defaultConfigurationName = Release;
		};
		095BC89827E79DA5008A29C9 /* Build configuration list for PBXNativeTarget "WarGame" */ = {
			isa = XCConfigurationList;
			buildConfigurations = (
				095BC89927E79DA5008A29C9 /* Debug */,
				095BC89A27E79DA5008A29C9 /* Release */,
			);
			defaultConfigurationIsVisible = 0;
			defaultConfigurationName = Release;
		};
		095BC89B27E79DA5008A29C9 /* Build configuration list for PBXNativeTarget "WarGameTests" */ = {
			isa = XCConfigurationList;
			buildConfigurations = (
				095BC89C27E79DA5008A29C9 /* Debug */,
				095BC89D27E79DA5008A29C9 /* Release */,
			);
			defaultConfigurationIsVisible = 0;
			defaultConfigurationName = Release;
		};
		095BC89E27E79DA5008A29C9 /* Build configuration list for PBXNativeTarget "WarGameUITests" */ = {
			isa = XCConfigurationList;
			buildConfigurations = (
				095BC89F27E79DA5008A29C9 /* Debug */,
				095BC8A027E79DA5008A29C9 /* Release */,
			);
			defaultConfigurationIsVisible = 0;
			defaultConfigurationName = Release;
		};
/* End XCConfigurationList section */
	};
	rootObject = 095BC86C27E79DA2008A29C9 /* Project object */;
}
